// !$*UTF8*$!
{
	archiveVersion = 1;
	classes = {
	};
	objectVersion = 46;
	objects = {

/* Begin PBXBuildFile section */
		DE1E5E7A1B370E2A00978475 /* LiquorStoresInformationViewController.swift in Sources */ = {isa = PBXBuildFile; fileRef = DE1E5E791B370E2A00978475 /* LiquorStoresInformationViewController.swift */; };
		DE2E1EF81B23A2B100C73295 /* CustomLiquorStoresTableViewCell.swift in Sources */ = {isa = PBXBuildFile; fileRef = DE2E1EF71B23A2B100C73295 /* CustomLiquorStoresTableViewCell.swift */; };
		DE2E1EFC1B23A5A300C73295 /* LiquorStoresInformation.swift in Sources */ = {isa = PBXBuildFile; fileRef = DE2E1EFB1B23A5A300C73295 /* LiquorStoresInformation.swift */; };
		DE4034991B50830300803C4E /* LiquorStoreDetail.swift in Sources */ = {isa = PBXBuildFile; fileRef = DE4034981B50830300803C4E /* LiquorStoreDetail.swift */; };
		DE4667091B29E96F0033C1C3 /* SWRevealViewController.m in Sources */ = {isa = PBXBuildFile; fileRef = DE4667081B29E96F0033C1C3 /* SWRevealViewController.m */; };
		DE4C116A1B28AD3700CCB54D /* Day.swift in Sources */ = {isa = PBXBuildFile; fileRef = DE4C11691B28AD3700CCB54D /* Day.swift */; };
		DE5C83E61B1435DA00ED4255 /* BarInformationViewController.swift in Sources */ = {isa = PBXBuildFile; fileRef = DE5C83E51B1435DA00ED4255 /* BarInformationViewController.swift */; };
		DE5FB7871B14F73D00C9EC44 /* CoreLocation.framework in Frameworks */ = {isa = PBXBuildFile; fileRef = DE5FB7861B14F73D00C9EC44 /* CoreLocation.framework */; };
		DE7F9DC81B38ED6500C96535 /* redsolocupnobackground copy.png in Resources */ = {isa = PBXBuildFile; fileRef = DE7F9DC71B38ED6500C96535 /* redsolocupnobackground copy.png */; };
		DE8377F61B13F30D00CD8435 /* AppDelegate.swift in Sources */ = {isa = PBXBuildFile; fileRef = DE8377F51B13F30D00CD8435 /* AppDelegate.swift */; };
		DE8377F81B13F30D00CD8435 /* BarsViewController.swift in Sources */ = {isa = PBXBuildFile; fileRef = DE8377F71B13F30D00CD8435 /* BarsViewController.swift */; };
		DE8377FA1B13F30D00CD8435 /* LiquorStoresViewController.swift in Sources */ = {isa = PBXBuildFile; fileRef = DE8377F91B13F30D00CD8435 /* LiquorStoresViewController.swift */; };
		DE8377FD1B13F30D00CD8435 /* Main.storyboard in Resources */ = {isa = PBXBuildFile; fileRef = DE8377FB1B13F30D00CD8435 /* Main.storyboard */; };
		DE8377FF1B13F30E00CD8435 /* Images.xcassets in Resources */ = {isa = PBXBuildFile; fileRef = DE8377FE1B13F30E00CD8435 /* Images.xcassets */; };
		DE8378021B13F30E00CD8435 /* LaunchScreen.xib in Resources */ = {isa = PBXBuildFile; fileRef = DE8378001B13F30E00CD8435 /* LaunchScreen.xib */; };
		DE83780E1B13F30E00CD8435 /* drnkTests.swift in Sources */ = {isa = PBXBuildFile; fileRef = DE83780D1B13F30E00CD8435 /* drnkTests.swift */; };
		DE83781A1B13F56E00CD8435 /* MapViewController.swift in Sources */ = {isa = PBXBuildFile; fileRef = DE8378191B13F56E00CD8435 /* MapViewController.swift */; };
		DE83781E1B13F6C000CD8435 /* BarsTableInfo.swift in Sources */ = {isa = PBXBuildFile; fileRef = DE83781D1B13F6C000CD8435 /* BarsTableInfo.swift */; };
		DE8378201B13F72F00CD8435 /* CustomBarTableViewCell.swift in Sources */ = {isa = PBXBuildFile; fileRef = DE83781F1B13F72F00CD8435 /* CustomBarTableViewCell.swift */; };
		DE88DF0D1B26B10100F7262E /* MainViewController.swift in Sources */ = {isa = PBXBuildFile; fileRef = DE88DF0C1B26B10100F7262E /* MainViewController.swift */; };
		DE8DEF241B48BEDE0077C7A4 /* main.png in Resources */ = {isa = PBXBuildFile; fileRef = DE8DEF231B48BEDE0077C7A4 /* main.png */; };
		DE9893C51B3606670086ACE2 /* CustomBarInfoCell.swift in Sources */ = {isa = PBXBuildFile; fileRef = DE9893C41B3606670086ACE2 /* CustomBarInfoCell.swift */; };
		DE9D2E541B15FD970099253D /* DataConnection.swift in Sources */ = {isa = PBXBuildFile; fileRef = DE9D2E531B15FD970099253D /* DataConnection.swift */; };
		DE9DA4DC1B28E02600AD8A2C /* SlideTableViewController.swift in Sources */ = {isa = PBXBuildFile; fileRef = DE9DA4DB1B28E02600AD8A2C /* SlideTableViewController.swift */; };
		DEA360831B45DE46001F4FBD /* BarInfo.swift in Sources */ = {isa = PBXBuildFile; fileRef = DEA360821B45DE46001F4FBD /* BarInfo.swift */; };
		DEA46E6F1B4CB799006751A5 /* space2.png in Resources */ = {isa = PBXBuildFile; fileRef = DEA46E6E1B4CB799006751A5 /* space2.png */; };
		DEA46E711B4CB79E006751A5 /* space3.png in Resources */ = {isa = PBXBuildFile; fileRef = DEA46E701B4CB79E006751A5 /* space3.png */; };
		DEC065081B4334830087EE30 /* friendly.png in Resources */ = {isa = PBXBuildFile; fileRef = DEC065071B4334830087EE30 /* friendly.png */; };
		DEC0650A1B4334880087EE30 /* municeLiquors.png in Resources */ = {isa = PBXBuildFile; fileRef = DEC065091B4334880087EE30 /* municeLiquors.png */; };
		DEC34D711B2A87FB00217731 /* redsolocupicon.png in Resources */ = {isa = PBXBuildFile; fileRef = DEC34D701B2A87FB00217731 /* redsolocupicon.png */; };
		DED81B641B50530A0007E2BE /* TodayContainerViewController.swift in Sources */ = {isa = PBXBuildFile; fileRef = DED81B631B50530A0007E2BE /* TodayContainerViewController.swift */; };
		DED81B661B5065900007E2BE /* AboutUsContainerViewController.swift in Sources */ = {isa = PBXBuildFile; fileRef = DED81B651B5065900007E2BE /* AboutUsContainerViewController.swift */; };
		DEDCE9AC1B3C91F20027C108 /* icon.gif in Resources */ = {isa = PBXBuildFile; fileRef = DEDCE9AB1B3C91F20027C108 /* icon.gif */; };
		DEEB90AE1B27532800253196 /* Parser.swift in Sources */ = {isa = PBXBuildFile; fileRef = DEEB90AD1B27532800253196 /* Parser.swift */; };
		DEFE75111B4C9A6F00866D2A /* brothersbar.png in Resources */ = {isa = PBXBuildFile; fileRef = DEFE75101B4C9A6F00866D2A /* brothersbar.png */; };
		DEFE75151B507AAE00866D2A /* DetailLiquorStoreCustomCell.swift in Sources */ = {isa = PBXBuildFile; fileRef = DEFE75141B507AAE00866D2A /* DetailLiquorStoreCustomCell.swift */; };
		F7EEF1F2DE862DD730501D98 /* Pods.framework in Frameworks */ = {isa = PBXBuildFile; fileRef = 0CD23C2C83349B6BF9967B7C /* Pods.framework */; settings = {ATTRIBUTES = (Weak, ); }; };
/* End PBXBuildFile section */

/* Begin PBXContainerItemProxy section */
		DE8378081B13F30E00CD8435 /* PBXContainerItemProxy */ = {
			isa = PBXContainerItemProxy;
			containerPortal = DE8377E81B13F30D00CD8435 /* Project object */;
			proxyType = 1;
			remoteGlobalIDString = DE8377EF1B13F30D00CD8435;
			remoteInfo = drnk;
		};
/* End PBXContainerItemProxy section */

/* Begin PBXCopyFilesBuildPhase section */
		DE1DA1741B1F6F71000BB94C /* Copy Frameworks */ = {
			isa = PBXCopyFilesBuildPhase;
			buildActionMask = 8;
			dstPath = "";
			dstSubfolderSpec = 10;
			files = (
			);
			name = "Copy Frameworks";
			runOnlyForDeploymentPostprocessing = 1;
		};
/* End PBXCopyFilesBuildPhase section */

/* Begin PBXFileReference section */
		0CD23C2C83349B6BF9967B7C /* Pods.framework */ = {isa = PBXFileReference; explicitFileType = wrapper.framework; includeInIndex = 0; path = Pods.framework; sourceTree = BUILT_PRODUCTS_DIR; };
		CE7E4B028E49A6FCEA94D4A6 /* Pods.debug.xcconfig */ = {isa = PBXFileReference; includeInIndex = 1; lastKnownFileType = text.xcconfig; name = Pods.debug.xcconfig; path = "Pods/Target Support Files/Pods/Pods.debug.xcconfig"; sourceTree = "<group>"; };
		DE1E5E791B370E2A00978475 /* LiquorStoresInformationViewController.swift */ = {isa = PBXFileReference; fileEncoding = 4; lastKnownFileType = sourcecode.swift; path = LiquorStoresInformationViewController.swift; sourceTree = "<group>"; };
		DE2E1EF71B23A2B100C73295 /* CustomLiquorStoresTableViewCell.swift */ = {isa = PBXFileReference; fileEncoding = 4; lastKnownFileType = sourcecode.swift; path = CustomLiquorStoresTableViewCell.swift; sourceTree = "<group>"; };
		DE2E1EFB1B23A5A300C73295 /* LiquorStoresInformation.swift */ = {isa = PBXFileReference; fileEncoding = 4; lastKnownFileType = sourcecode.swift; path = LiquorStoresInformation.swift; sourceTree = "<group>"; };
		DE4034981B50830300803C4E /* LiquorStoreDetail.swift */ = {isa = PBXFileReference; fileEncoding = 4; lastKnownFileType = sourcecode.swift; path = LiquorStoreDetail.swift; sourceTree = "<group>"; };
		DE4667061B29E96E0033C1C3 /* drnk-Bridging-Header.h */ = {isa = PBXFileReference; lastKnownFileType = sourcecode.c.h; path = "drnk-Bridging-Header.h"; sourceTree = "<group>"; };
		DE4667071B29E96F0033C1C3 /* SWRevealViewController.h */ = {isa = PBXFileReference; fileEncoding = 4; lastKnownFileType = sourcecode.c.h; path = SWRevealViewController.h; sourceTree = "<group>"; };
		DE4667081B29E96F0033C1C3 /* SWRevealViewController.m */ = {isa = PBXFileReference; fileEncoding = 4; lastKnownFileType = sourcecode.c.objc; path = SWRevealViewController.m; sourceTree = "<group>"; };
		DE4C11691B28AD3700CCB54D /* Day.swift */ = {isa = PBXFileReference; fileEncoding = 4; lastKnownFileType = sourcecode.swift; path = Day.swift; sourceTree = "<group>"; };
		DE5C83E51B1435DA00ED4255 /* BarInformationViewController.swift */ = {isa = PBXFileReference; fileEncoding = 4; lastKnownFileType = sourcecode.swift; path = BarInformationViewController.swift; sourceTree = "<group>"; };
		DE5FB7861B14F73D00C9EC44 /* CoreLocation.framework */ = {isa = PBXFileReference; lastKnownFileType = wrapper.framework; name = CoreLocation.framework; path = System/Library/Frameworks/CoreLocation.framework; sourceTree = SDKROOT; };
		DE7F9DC71B38ED6500C96535 /* redsolocupnobackground copy.png */ = {isa = PBXFileReference; lastKnownFileType = image.png; path = "redsolocupnobackground copy.png"; sourceTree = "<group>"; };
		DE8377F01B13F30D00CD8435 /* drnk.app */ = {isa = PBXFileReference; explicitFileType = wrapper.application; includeInIndex = 0; path = drnk.app; sourceTree = BUILT_PRODUCTS_DIR; };
		DE8377F41B13F30D00CD8435 /* Info.plist */ = {isa = PBXFileReference; lastKnownFileType = text.plist.xml; path = Info.plist; sourceTree = "<group>"; };
		DE8377F51B13F30D00CD8435 /* AppDelegate.swift */ = {isa = PBXFileReference; lastKnownFileType = sourcecode.swift; path = AppDelegate.swift; sourceTree = "<group>"; };
		DE8377F71B13F30D00CD8435 /* BarsViewController.swift */ = {isa = PBXFileReference; lastKnownFileType = sourcecode.swift; path = BarsViewController.swift; sourceTree = "<group>"; };
		DE8377F91B13F30D00CD8435 /* LiquorStoresViewController.swift */ = {isa = PBXFileReference; lastKnownFileType = sourcecode.swift; path = LiquorStoresViewController.swift; sourceTree = "<group>"; };
		DE8377FC1B13F30D00CD8435 /* Base */ = {isa = PBXFileReference; lastKnownFileType = file.storyboard; name = Base; path = Base.lproj/Main.storyboard; sourceTree = "<group>"; };
		DE8377FE1B13F30E00CD8435 /* Images.xcassets */ = {isa = PBXFileReference; lastKnownFileType = folder.assetcatalog; path = Images.xcassets; sourceTree = "<group>"; };
		DE8378011B13F30E00CD8435 /* Base */ = {isa = PBXFileReference; lastKnownFileType = file.xib; name = Base; path = Base.lproj/LaunchScreen.xib; sourceTree = "<group>"; };
		DE8378071B13F30E00CD8435 /* drnkTests.xctest */ = {isa = PBXFileReference; explicitFileType = wrapper.cfbundle; includeInIndex = 0; path = drnkTests.xctest; sourceTree = BUILT_PRODUCTS_DIR; };
		DE83780C1B13F30E00CD8435 /* Info.plist */ = {isa = PBXFileReference; lastKnownFileType = text.plist.xml; path = Info.plist; sourceTree = "<group>"; };
		DE83780D1B13F30E00CD8435 /* drnkTests.swift */ = {isa = PBXFileReference; lastKnownFileType = sourcecode.swift; path = drnkTests.swift; sourceTree = "<group>"; };
		DE8378191B13F56E00CD8435 /* MapViewController.swift */ = {isa = PBXFileReference; fileEncoding = 4; lastKnownFileType = sourcecode.swift; path = MapViewController.swift; sourceTree = "<group>"; xcLanguageSpecificationIdentifier = xcode.lang.swift; };
		DE83781D1B13F6C000CD8435 /* BarsTableInfo.swift */ = {isa = PBXFileReference; fileEncoding = 4; lastKnownFileType = sourcecode.swift; path = BarsTableInfo.swift; sourceTree = "<group>"; };
		DE83781F1B13F72F00CD8435 /* CustomBarTableViewCell.swift */ = {isa = PBXFileReference; fileEncoding = 4; lastKnownFileType = sourcecode.swift; path = CustomBarTableViewCell.swift; sourceTree = "<group>"; };
		DE88DF0C1B26B10100F7262E /* MainViewController.swift */ = {isa = PBXFileReference; fileEncoding = 4; lastKnownFileType = sourcecode.swift; path = MainViewController.swift; sourceTree = "<group>"; };
		DE8DEF231B48BEDE0077C7A4 /* main.png */ = {isa = PBXFileReference; lastKnownFileType = image.png; path = main.png; sourceTree = "<group>"; };
		DE9893C41B3606670086ACE2 /* CustomBarInfoCell.swift */ = {isa = PBXFileReference; fileEncoding = 4; lastKnownFileType = sourcecode.swift; path = CustomBarInfoCell.swift; sourceTree = "<group>"; };
		DE9D2E531B15FD970099253D /* DataConnection.swift */ = {isa = PBXFileReference; fileEncoding = 4; lastKnownFileType = sourcecode.swift; path = DataConnection.swift; sourceTree = "<group>"; };
		DE9DA4DB1B28E02600AD8A2C /* SlideTableViewController.swift */ = {isa = PBXFileReference; fileEncoding = 4; lastKnownFileType = sourcecode.swift; path = SlideTableViewController.swift; sourceTree = "<group>"; };
		DEA360821B45DE46001F4FBD /* BarInfo.swift */ = {isa = PBXFileReference; fileEncoding = 4; lastKnownFileType = sourcecode.swift; path = BarInfo.swift; sourceTree = "<group>"; };
		DEA46E6E1B4CB799006751A5 /* space2.png */ = {isa = PBXFileReference; lastKnownFileType = image.png; path = space2.png; sourceTree = "<group>"; };
		DEA46E701B4CB79E006751A5 /* space3.png */ = {isa = PBXFileReference; lastKnownFileType = image.png; path = space3.png; sourceTree = "<group>"; };
		DEC065071B4334830087EE30 /* friendly.png */ = {isa = PBXFileReference; lastKnownFileType = image.png; path = friendly.png; sourceTree = "<group>"; };
		DEC065091B4334880087EE30 /* municeLiquors.png */ = {isa = PBXFileReference; lastKnownFileType = image.png; path = municeLiquors.png; sourceTree = "<group>"; };
		DEC34D701B2A87FB00217731 /* redsolocupicon.png */ = {isa = PBXFileReference; lastKnownFileType = image.png; path = redsolocupicon.png; sourceTree = "<group>"; };
		DED81B631B50530A0007E2BE /* TodayContainerViewController.swift */ = {isa = PBXFileReference; fileEncoding = 4; lastKnownFileType = sourcecode.swift; path = TodayContainerViewController.swift; sourceTree = "<group>"; };
		DED81B651B5065900007E2BE /* AboutUsContainerViewController.swift */ = {isa = PBXFileReference; fileEncoding = 4; lastKnownFileType = sourcecode.swift; path = AboutUsContainerViewController.swift; sourceTree = "<group>"; };
		DEDCE9AB1B3C91F20027C108 /* icon.gif */ = {isa = PBXFileReference; lastKnownFileType = image.gif; path = icon.gif; sourceTree = "<group>"; };
		DEEB90AD1B27532800253196 /* Parser.swift */ = {isa = PBXFileReference; fileEncoding = 4; lastKnownFileType = sourcecode.swift; path = Parser.swift; sourceTree = "<group>"; };
		DEFE75101B4C9A6F00866D2A /* brothersbar.png */ = {isa = PBXFileReference; lastKnownFileType = image.png; path = brothersbar.png; sourceTree = "<group>"; };
		DEFE75141B507AAE00866D2A /* DetailLiquorStoreCustomCell.swift */ = {isa = PBXFileReference; fileEncoding = 4; lastKnownFileType = sourcecode.swift; path = DetailLiquorStoreCustomCell.swift; sourceTree = "<group>"; };
		E362FCE936A38E1295DBCD7F /* Pods.release.xcconfig */ = {isa = PBXFileReference; includeInIndex = 1; lastKnownFileType = text.xcconfig; name = Pods.release.xcconfig; path = "Pods/Target Support Files/Pods/Pods.release.xcconfig"; sourceTree = "<group>"; };
/* End PBXFileReference section */

/* Begin PBXFrameworksBuildPhase section */
		DE8377ED1B13F30D00CD8435 /* Frameworks */ = {
			isa = PBXFrameworksBuildPhase;
			buildActionMask = 2147483647;
			files = (
				DE5FB7871B14F73D00C9EC44 /* CoreLocation.framework in Frameworks */,
				F7EEF1F2DE862DD730501D98 /* Pods.framework in Frameworks */,
			);
			runOnlyForDeploymentPostprocessing = 0;
		};
		DE8378041B13F30E00CD8435 /* Frameworks */ = {
			isa = PBXFrameworksBuildPhase;
			buildActionMask = 2147483647;
			files = (
			);
			runOnlyForDeploymentPostprocessing = 0;
		};
/* End PBXFrameworksBuildPhase section */

/* Begin PBXGroup section */
		0B36960688596F1DAB1C4E8B /* Pods */ = {
			isa = PBXGroup;
			children = (
				CE7E4B028E49A6FCEA94D4A6 /* Pods.debug.xcconfig */,
				E362FCE936A38E1295DBCD7F /* Pods.release.xcconfig */,
			);
			name = Pods;
			sourceTree = "<group>";
		};
		7A6FCBE730B8483F7F2820E2 /* Frameworks */ = {
			isa = PBXGroup;
			children = (
				0CD23C2C83349B6BF9967B7C /* Pods.framework */,
			);
			name = Frameworks;
			sourceTree = "<group>";
		};
		DE2E1EF91B23A2B600C73295 /* Bars */ = {
			isa = PBXGroup;
			children = (
				DE83781F1B13F72F00CD8435 /* CustomBarTableViewCell.swift */,
				DE8377F71B13F30D00CD8435 /* BarsViewController.swift */,
				DE83781D1B13F6C000CD8435 /* BarsTableInfo.swift */,
				DE5C83E51B1435DA00ED4255 /* BarInformationViewController.swift */,
				DEA360821B45DE46001F4FBD /* BarInfo.swift */,
				DE9893C41B3606670086ACE2 /* CustomBarInfoCell.swift */,
				DED81B631B50530A0007E2BE /* TodayContainerViewController.swift */,
				DED81B651B5065900007E2BE /* AboutUsContainerViewController.swift */,
			);
			name = Bars;
			sourceTree = "<group>";
		};
		DE2E1EFA1B23A2D800C73295 /* Liquor Stores */ = {
			isa = PBXGroup;
			children = (
				DE2E1EF71B23A2B100C73295 /* CustomLiquorStoresTableViewCell.swift */,
				DE8377F91B13F30D00CD8435 /* LiquorStoresViewController.swift */,
				DE2E1EFB1B23A5A300C73295 /* LiquorStoresInformation.swift */,
				DE4034981B50830300803C4E /* LiquorStoreDetail.swift */,
				DE1E5E791B370E2A00978475 /* LiquorStoresInformationViewController.swift */,
				DEFE75141B507AAE00866D2A /* DetailLiquorStoreCustomCell.swift */,
			);
			name = "Liquor Stores";
			sourceTree = "<group>";
		};
		DE8377E71B13F30D00CD8435 = {
			isa = PBXGroup;
			children = (
				DE5FB7861B14F73D00C9EC44 /* CoreLocation.framework */,
				DE8377F21B13F30D00CD8435 /* drnk */,
				DE83780A1B13F30E00CD8435 /* drnkTests */,
				DE8377F11B13F30D00CD8435 /* Products */,
				0B36960688596F1DAB1C4E8B /* Pods */,
				7A6FCBE730B8483F7F2820E2 /* Frameworks */,
			);
			sourceTree = "<group>";
		};
		DE8377F11B13F30D00CD8435 /* Products */ = {
			isa = PBXGroup;
			children = (
				DE8377F01B13F30D00CD8435 /* drnk.app */,
				DE8378071B13F30E00CD8435 /* drnkTests.xctest */,
			);
			name = Products;
			sourceTree = "<group>";
		};
		DE8377F21B13F30D00CD8435 /* drnk */ = {
			isa = PBXGroup;
			children = (
				DEEB90AD1B27532800253196 /* Parser.swift */,
				DE4C11691B28AD3700CCB54D /* Day.swift */,
				DE2E1EFA1B23A2D800C73295 /* Liquor Stores */,
				DE2E1EF91B23A2B600C73295 /* Bars */,
				DE8378191B13F56E00CD8435 /* MapViewController.swift */,
				DE88DF0C1B26B10100F7262E /* MainViewController.swift */,
				DE9D2E531B15FD970099253D /* DataConnection.swift */,
				DE8377FB1B13F30D00CD8435 /* Main.storyboard */,
				DE9DA4DB1B28E02600AD8A2C /* SlideTableViewController.swift */,
				DE8377F51B13F30D00CD8435 /* AppDelegate.swift */,
				DE8377FE1B13F30E00CD8435 /* Images.xcassets */,
				DE7F9DC71B38ED6500C96535 /* redsolocupnobackground copy.png */,
				DEA46E6E1B4CB799006751A5 /* space2.png */,
				DEC34D701B2A87FB00217731 /* redsolocupicon.png */,
				DEA46E701B4CB79E006751A5 /* space3.png */,
				DEDCE9AB1B3C91F20027C108 /* icon.gif */,
				DE8DEF231B48BEDE0077C7A4 /* main.png */,
				DEFE75101B4C9A6F00866D2A /* brothersbar.png */,
				DEC065091B4334880087EE30 /* municeLiquors.png */,
				DEC065071B4334830087EE30 /* friendly.png */,
				DE8378001B13F30E00CD8435 /* LaunchScreen.xib */,
				DE8377F31B13F30D00CD8435 /* Supporting Files */,
			);
			path = drnk;
			sourceTree = "<group>";
		};
		DE8377F31B13F30D00CD8435 /* Supporting Files */ = {
			isa = PBXGroup;
			children = (
				DE4667071B29E96F0033C1C3 /* SWRevealViewController.h */,
				DE4667081B29E96F0033C1C3 /* SWRevealViewController.m */,
				DE8377F41B13F30D00CD8435 /* Info.plist */,
				DE4667061B29E96E0033C1C3 /* drnk-Bridging-Header.h */,
			);
			name = "Supporting Files";
			sourceTree = "<group>";
		};
		DE83780A1B13F30E00CD8435 /* drnkTests */ = {
			isa = PBXGroup;
			children = (
				DE83780D1B13F30E00CD8435 /* drnkTests.swift */,
				DE83780B1B13F30E00CD8435 /* Supporting Files */,
			);
			path = drnkTests;
			sourceTree = "<group>";
		};
		DE83780B1B13F30E00CD8435 /* Supporting Files */ = {
			isa = PBXGroup;
			children = (
				DE83780C1B13F30E00CD8435 /* Info.plist */,
			);
			name = "Supporting Files";
			sourceTree = "<group>";
		};
/* End PBXGroup section */

/* Begin PBXNativeTarget section */
		DE8377EF1B13F30D00CD8435 /* drnk */ = {
			isa = PBXNativeTarget;
			buildConfigurationList = DE8378111B13F30E00CD8435 /* Build configuration list for PBXNativeTarget "drnk" */;
			buildPhases = (
				61D944BC531DF575B6A8C9D9 /* Check Pods Manifest.lock */,
				DE8377EC1B13F30D00CD8435 /* Sources */,
				DE8377ED1B13F30D00CD8435 /* Frameworks */,
				DE8377EE1B13F30D00CD8435 /* Resources */,
				DE1DA1741B1F6F71000BB94C /* Copy Frameworks */,
				C3F4C7394FC4101E6ECA7163 /* Embed Pods Frameworks */,
				DFA3E5C48DB7D5DCD164FC52 /* Copy Pods Resources */,
			);
			buildRules = (
			);
			dependencies = (
			);
			name = drnk;
			productName = drnk;
			productReference = DE8377F01B13F30D00CD8435 /* drnk.app */;
			productType = "com.apple.product-type.application";
		};
		DE8378061B13F30E00CD8435 /* drnkTests */ = {
			isa = PBXNativeTarget;
			buildConfigurationList = DE8378141B13F30E00CD8435 /* Build configuration list for PBXNativeTarget "drnkTests" */;
			buildPhases = (
				DE8378031B13F30E00CD8435 /* Sources */,
				DE8378041B13F30E00CD8435 /* Frameworks */,
				DE8378051B13F30E00CD8435 /* Resources */,
			);
			buildRules = (
			);
			dependencies = (
				DE8378091B13F30E00CD8435 /* PBXTargetDependency */,
			);
			name = drnkTests;
			productName = drnkTests;
			productReference = DE8378071B13F30E00CD8435 /* drnkTests.xctest */;
			productType = "com.apple.product-type.bundle.unit-test";
		};
/* End PBXNativeTarget section */

/* Begin PBXProject section */
		DE8377E81B13F30D00CD8435 /* Project object */ = {
			isa = PBXProject;
			attributes = {
				LastUpgradeCheck = 0620;
				ORGANIZATIONNAME = Sulk;
				TargetAttributes = {
					DE8377EF1B13F30D00CD8435 = {
						CreatedOnToolsVersion = 6.2;
						DevelopmentTeam = 858WV64ESG;
					};
					DE8378061B13F30E00CD8435 = {
						CreatedOnToolsVersion = 6.2;
						TestTargetID = DE8377EF1B13F30D00CD8435;
					};
				};
			};
			buildConfigurationList = DE8377EB1B13F30D00CD8435 /* Build configuration list for PBXProject "drnk" */;
			compatibilityVersion = "Xcode 3.2";
			developmentRegion = English;
			hasScannedForEncodings = 0;
			knownRegions = (
				en,
				Base,
			);
			mainGroup = DE8377E71B13F30D00CD8435;
			productRefGroup = DE8377F11B13F30D00CD8435 /* Products */;
			projectDirPath = "";
			projectRoot = "";
			targets = (
				DE8377EF1B13F30D00CD8435 /* drnk */,
				DE8378061B13F30E00CD8435 /* drnkTests */,
			);
		};
/* End PBXProject section */

/* Begin PBXResourcesBuildPhase section */
		DE8377EE1B13F30D00CD8435 /* Resources */ = {
			isa = PBXResourcesBuildPhase;
			buildActionMask = 2147483647;
			files = (
				DE7F9DC81B38ED6500C96535 /* redsolocupnobackground copy.png in Resources */,
				DEDCE9AC1B3C91F20027C108 /* icon.gif in Resources */,
				DEA46E711B4CB79E006751A5 /* space3.png in Resources */,
				DE8DEF241B48BEDE0077C7A4 /* main.png in Resources */,
				DEA46E6F1B4CB799006751A5 /* space2.png in Resources */,
				DEC065081B4334830087EE30 /* friendly.png in Resources */,
				DE8377FD1B13F30D00CD8435 /* Main.storyboard in Resources */,
				DEC0650A1B4334880087EE30 /* municeLiquors.png in Resources */,
				DE8378021B13F30E00CD8435 /* LaunchScreen.xib in Resources */,
				DEC34D711B2A87FB00217731 /* redsolocupicon.png in Resources */,
				DEFE75111B4C9A6F00866D2A /* brothersbar.png in Resources */,
				DE8377FF1B13F30E00CD8435 /* Images.xcassets in Resources */,
			);
			runOnlyForDeploymentPostprocessing = 0;
		};
		DE8378051B13F30E00CD8435 /* Resources */ = {
			isa = PBXResourcesBuildPhase;
			buildActionMask = 2147483647;
			files = (
			);
			runOnlyForDeploymentPostprocessing = 0;
		};
/* End PBXResourcesBuildPhase section */

/* Begin PBXShellScriptBuildPhase section */
		61D944BC531DF575B6A8C9D9 /* Check Pods Manifest.lock */ = {
			isa = PBXShellScriptBuildPhase;
			buildActionMask = 2147483647;
			files = (
			);
			inputPaths = (
			);
			name = "Check Pods Manifest.lock";
			outputPaths = (
			);
			runOnlyForDeploymentPostprocessing = 0;
			shellPath = /bin/sh;
			shellScript = "diff \"${PODS_ROOT}/../Podfile.lock\" \"${PODS_ROOT}/Manifest.lock\" > /dev/null\nif [[ $? != 0 ]] ; then\n    cat << EOM\nerror: The sandbox is not in sync with the Podfile.lock. Run 'pod install' or update your CocoaPods installation.\nEOM\n    exit 1\nfi\n";
			showEnvVarsInLog = 0;
		};
		C3F4C7394FC4101E6ECA7163 /* Embed Pods Frameworks */ = {
			isa = PBXShellScriptBuildPhase;
			buildActionMask = 2147483647;
			files = (
			);
			inputPaths = (
			);
			name = "Embed Pods Frameworks";
			outputPaths = (
			);
			runOnlyForDeploymentPostprocessing = 0;
			shellPath = /bin/sh;
			shellScript = "\"${SRCROOT}/Pods/Target Support Files/Pods/Pods-frameworks.sh\"\n";
			showEnvVarsInLog = 0;
		};
		DFA3E5C48DB7D5DCD164FC52 /* Copy Pods Resources */ = {
			isa = PBXShellScriptBuildPhase;
			buildActionMask = 2147483647;
			files = (
			);
			inputPaths = (
			);
			name = "Copy Pods Resources";
			outputPaths = (
			);
			runOnlyForDeploymentPostprocessing = 0;
			shellPath = /bin/sh;
			shellScript = "\"${SRCROOT}/Pods/Target Support Files/Pods/Pods-resources.sh\"\n";
			showEnvVarsInLog = 0;
		};
/* End PBXShellScriptBuildPhase section */

/* Begin PBXSourcesBuildPhase section */
		DE8377EC1B13F30D00CD8435 /* Sources */ = {
			isa = PBXSourcesBuildPhase;
			buildActionMask = 2147483647;
			files = (
				DE4C116A1B28AD3700CCB54D /* Day.swift in Sources */,
				DE8378201B13F72F00CD8435 /* CustomBarTableViewCell.swift in Sources */,
				DE9DA4DC1B28E02600AD8A2C /* SlideTableViewController.swift in Sources */,
				DE4667091B29E96F0033C1C3 /* SWRevealViewController.m in Sources */,
				DE8377FA1B13F30D00CD8435 /* LiquorStoresViewController.swift in Sources */,
				DE88DF0D1B26B10100F7262E /* MainViewController.swift in Sources */,
				DE4034991B50830300803C4E /* LiquorStoreDetail.swift in Sources */,
				DE9D2E541B15FD970099253D /* DataConnection.swift in Sources */,
				DE5C83E61B1435DA00ED4255 /* BarInformationViewController.swift in Sources */,
				DEEB90AE1B27532800253196 /* Parser.swift in Sources */,
				DE1E5E7A1B370E2A00978475 /* LiquorStoresInformationViewController.swift in Sources */,
				DE8377F61B13F30D00CD8435 /* AppDelegate.swift in Sources */,
				DE2E1EFC1B23A5A300C73295 /* LiquorStoresInformation.swift in Sources */,
				DED81B661B5065900007E2BE /* AboutUsContainerViewController.swift in Sources */,
				DED81B641B50530A0007E2BE /* TodayContainerViewController.swift in Sources */,
				DE9893C51B3606670086ACE2 /* CustomBarInfoCell.swift in Sources */,
				DE8377F81B13F30D00CD8435 /* BarsViewController.swift in Sources */,
				DEFE75151B507AAE00866D2A /* DetailLiquorStoreCustomCell.swift in Sources */,
				DE83781E1B13F6C000CD8435 /* BarsTableInfo.swift in Sources */,
				DE2E1EF81B23A2B100C73295 /* CustomLiquorStoresTableViewCell.swift in Sources */,
				DE83781A1B13F56E00CD8435 /* MapViewController.swift in Sources */,
				DEA360831B45DE46001F4FBD /* BarInfo.swift in Sources */,
			);
			runOnlyForDeploymentPostprocessing = 0;
		};
		DE8378031B13F30E00CD8435 /* Sources */ = {
			isa = PBXSourcesBuildPhase;
			buildActionMask = 2147483647;
			files = (
				DE83780E1B13F30E00CD8435 /* drnkTests.swift in Sources */,
			);
			runOnlyForDeploymentPostprocessing = 0;
		};
/* End PBXSourcesBuildPhase section */

/* Begin PBXTargetDependency section */
		DE8378091B13F30E00CD8435 /* PBXTargetDependency */ = {
			isa = PBXTargetDependency;
			target = DE8377EF1B13F30D00CD8435 /* drnk */;
			targetProxy = DE8378081B13F30E00CD8435 /* PBXContainerItemProxy */;
		};
/* End PBXTargetDependency section */

/* Begin PBXVariantGroup section */
		DE8377FB1B13F30D00CD8435 /* Main.storyboard */ = {
			isa = PBXVariantGroup;
			children = (
				DE8377FC1B13F30D00CD8435 /* Base */,
			);
			name = Main.storyboard;
			sourceTree = "<group>";
		};
		DE8378001B13F30E00CD8435 /* LaunchScreen.xib */ = {
			isa = PBXVariantGroup;
			children = (
				DE8378011B13F30E00CD8435 /* Base */,
			);
			name = LaunchScreen.xib;
			sourceTree = "<group>";
		};
/* End PBXVariantGroup section */

/* Begin XCBuildConfiguration section */
		DE83780F1B13F30E00CD8435 /* Debug */ = {
			isa = XCBuildConfiguration;
			buildSettings = {
				ALWAYS_SEARCH_USER_PATHS = NO;
				CLANG_CXX_LANGUAGE_STANDARD = "gnu++0x";
				CLANG_CXX_LIBRARY = "libc++";
				CLANG_ENABLE_MODULES = YES;
				CLANG_ENABLE_OBJC_ARC = YES;
				CLANG_WARN_BOOL_CONVERSION = YES;
				CLANG_WARN_CONSTANT_CONVERSION = YES;
				CLANG_WARN_DIRECT_OBJC_ISA_USAGE = YES_ERROR;
				CLANG_WARN_EMPTY_BODY = YES;
				CLANG_WARN_ENUM_CONVERSION = YES;
				CLANG_WARN_INT_CONVERSION = YES;
				CLANG_WARN_OBJC_ROOT_CLASS = YES_ERROR;
				CLANG_WARN_UNREACHABLE_CODE = YES;
				CLANG_WARN__DUPLICATE_METHOD_MATCH = YES;
				"CODE_SIGN_IDENTITY[sdk=iphoneos*]" = "iPhone Developer";
				COPY_PHASE_STRIP = NO;
				ENABLE_STRICT_OBJC_MSGSEND = YES;
				GCC_C_LANGUAGE_STANDARD = gnu99;
				GCC_DYNAMIC_NO_PIC = NO;
				GCC_OPTIMIZATION_LEVEL = 0;
				GCC_PREPROCESSOR_DEFINITIONS = (
					"DEBUG=1",
					"$(inherited)",
				);
				GCC_SYMBOLS_PRIVATE_EXTERN = NO;
				GCC_WARN_64_TO_32_BIT_CONVERSION = YES;
				GCC_WARN_ABOUT_RETURN_TYPE = YES_ERROR;
				GCC_WARN_UNDECLARED_SELECTOR = YES;
				GCC_WARN_UNINITIALIZED_AUTOS = YES_AGGRESSIVE;
				GCC_WARN_UNUSED_FUNCTION = YES;
				GCC_WARN_UNUSED_VARIABLE = YES;
				IPHONEOS_DEPLOYMENT_TARGET = 8.2;
				MTL_ENABLE_DEBUG_INFO = YES;
				ONLY_ACTIVE_ARCH = YES;
				SDKROOT = iphoneos;
				SWIFT_OPTIMIZATION_LEVEL = "-Onone";
				TARGETED_DEVICE_FAMILY = "1,2";
			};
			name = Debug;
		};
		DE8378101B13F30E00CD8435 /* Release */ = {
			isa = XCBuildConfiguration;
			buildSettings = {
				ALWAYS_SEARCH_USER_PATHS = NO;
				CLANG_CXX_LANGUAGE_STANDARD = "gnu++0x";
				CLANG_CXX_LIBRARY = "libc++";
				CLANG_ENABLE_MODULES = YES;
				CLANG_ENABLE_OBJC_ARC = YES;
				CLANG_WARN_BOOL_CONVERSION = YES;
				CLANG_WARN_CONSTANT_CONVERSION = YES;
				CLANG_WARN_DIRECT_OBJC_ISA_USAGE = YES_ERROR;
				CLANG_WARN_EMPTY_BODY = YES;
				CLANG_WARN_ENUM_CONVERSION = YES;
				CLANG_WARN_INT_CONVERSION = YES;
				CLANG_WARN_OBJC_ROOT_CLASS = YES_ERROR;
				CLANG_WARN_UNREACHABLE_CODE = YES;
				CLANG_WARN__DUPLICATE_METHOD_MATCH = YES;
				"CODE_SIGN_IDENTITY[sdk=iphoneos*]" = "iPhone Developer";
				COPY_PHASE_STRIP = NO;
				ENABLE_NS_ASSERTIONS = NO;
				ENABLE_STRICT_OBJC_MSGSEND = YES;
				GCC_C_LANGUAGE_STANDARD = gnu99;
				GCC_WARN_64_TO_32_BIT_CONVERSION = YES;
				GCC_WARN_ABOUT_RETURN_TYPE = YES_ERROR;
				GCC_WARN_UNDECLARED_SELECTOR = YES;
				GCC_WARN_UNINITIALIZED_AUTOS = YES_AGGRESSIVE;
				GCC_WARN_UNUSED_FUNCTION = YES;
				GCC_WARN_UNUSED_VARIABLE = YES;
				IPHONEOS_DEPLOYMENT_TARGET = 8.2;
				MTL_ENABLE_DEBUG_INFO = NO;
				SDKROOT = iphoneos;
				TARGETED_DEVICE_FAMILY = "1,2";
				VALIDATE_PRODUCT = YES;
			};
			name = Release;
		};
		DE8378121B13F30E00CD8435 /* Debug */ = {
			isa = XCBuildConfiguration;
			baseConfigurationReference = CE7E4B028E49A6FCEA94D4A6 /* Pods.debug.xcconfig */;
			buildSettings = {
				ASSETCATALOG_COMPILER_APPICON_NAME = AppIcon;
				CLANG_ENABLE_MODULES = YES;
				CODE_SIGN_IDENTITY = "iPhone Developer";
				"CODE_SIGN_IDENTITY[sdk=iphoneos*]" = "iPhone Developer";
				INFOPLIST_FILE = drnk/Info.plist;
				LD_RUNPATH_SEARCH_PATHS = "$(inherited) @executable_path/Frameworks";
				PRODUCT_NAME = "$(TARGET_NAME)";
				PROVISIONING_PROFILE = "";
				SWIFT_OBJC_BRIDGING_HEADER = "drnk/drnk-Bridging-Header.h";
				SWIFT_OPTIMIZATION_LEVEL = "-Onone";
				TARGETED_DEVICE_FAMILY = 1;
			};
			name = Debug;
		};
		DE8378131B13F30E00CD8435 /* Release */ = {
			isa = XCBuildConfiguration;
			baseConfigurationReference = E362FCE936A38E1295DBCD7F /* Pods.release.xcconfig */;
			buildSettings = {
				ASSETCATALOG_COMPILER_APPICON_NAME = AppIcon;
				CLANG_ENABLE_MODULES = YES;
				CODE_SIGN_IDENTITY = "iPhone Developer";
				"CODE_SIGN_IDENTITY[sdk=iphoneos*]" = "iPhone Developer";
				INFOPLIST_FILE = drnk/Info.plist;
				LD_RUNPATH_SEARCH_PATHS = "$(inherited) @executable_path/Frameworks";
				PRODUCT_NAME = "$(TARGET_NAME)";
				PROVISIONING_PROFILE = "";
				SWIFT_OBJC_BRIDGING_HEADER = "drnk/drnk-Bridging-Header.h";
				TARGETED_DEVICE_FAMILY = 1;
			};
			name = Release;
		};
		DE8378151B13F30E00CD8435 /* Debug */ = {
			isa = XCBuildConfiguration;
			buildSettings = {
				BUNDLE_LOADER = "$(TEST_HOST)";
				FRAMEWORK_SEARCH_PATHS = (
					"$(SDKROOT)/Developer/Library/Frameworks",
					"$(inherited)",
				);
				GCC_PREPROCESSOR_DEFINITIONS = (
					"DEBUG=1",
					"$(inherited)",
				);
				INFOPLIST_FILE = drnkTests/Info.plist;
				LD_RUNPATH_SEARCH_PATHS = "$(inherited) @executable_path/Frameworks @loader_path/Frameworks";
				PRODUCT_NAME = "$(TARGET_NAME)";
				TEST_HOST = "$(BUILT_PRODUCTS_DIR)/drnk.app/drnk";
			};
			name = Debug;
		};
		DE8378161B13F30E00CD8435 /* Release */ = {
			isa = XCBuildConfiguration;
			buildSettings = {
				BUNDLE_LOADER = "$(TEST_HOST)";
				FRAMEWORK_SEARCH_PATHS = (
					"$(SDKROOT)/Developer/Library/Frameworks",
					"$(inherited)",
				);
				INFOPLIST_FILE = drnkTests/Info.plist;
				LD_RUNPATH_SEARCH_PATHS = "$(inherited) @executable_path/Frameworks @loader_path/Frameworks";
				PRODUCT_NAME = "$(TARGET_NAME)";
				TEST_HOST = "$(BUILT_PRODUCTS_DIR)/drnk.app/drnk";
			};
			name = Release;
		};
/* End XCBuildConfiguration section */

/* Begin XCConfigurationList section */
		DE8377EB1B13F30D00CD8435 /* Build configuration list for PBXProject "drnk" */ = {
			isa = XCConfigurationList;
			buildConfigurations = (
				DE83780F1B13F30E00CD8435 /* Debug */,
				DE8378101B13F30E00CD8435 /* Release */,
			);
			defaultConfigurationIsVisible = 0;
			defaultConfigurationName = Release;
		};
		DE8378111B13F30E00CD8435 /* Build configuration list for PBXNativeTarget "drnk" */ = {
			isa = XCConfigurationList;
			buildConfigurations = (
				DE8378121B13F30E00CD8435 /* Debug */,
				DE8378131B13F30E00CD8435 /* Release */,
			);
			defaultConfigurationIsVisible = 0;
			defaultConfigurationName = Release;
		};
		DE8378141B13F30E00CD8435 /* Build configuration list for PBXNativeTarget "drnkTests" */ = {
			isa = XCConfigurationList;
			buildConfigurations = (
				DE8378151B13F30E00CD8435 /* Debug */,
				DE8378161B13F30E00CD8435 /* Release */,
			);
			defaultConfigurationIsVisible = 0;
			defaultConfigurationName = Release;
		};
/* End XCConfigurationList section */
	};
	rootObject = DE8377E81B13F30D00CD8435 /* Project object */;
}
